
Microsoft Visual Studio Solution File, Format Version 12.00
# Visual Studio Version 17
VisualStudioVersion = 17.14.36623.8
MinimumVisualStudioVersion = 10.0.40219.1
Project("{2150E333-8FDC-42A3-9474-1A3956D46DE8}") = "src", "src", "{02EA681E-C7D8-13C7-8484-4AC65E1B71E8}"
EndProject
Project("{2150E333-8FDC-42A3-9474-1A3956D46DE8}") = "Building Blocks", "Building Blocks", "{C60E2BA6-8B5D-430C-9CBE-862FFC2D0B0B}"
EndProject
Project("{2150E333-8FDC-42A3-9474-1A3956D46DE8}") = "Services", "Services", "{C72F62A4-279E-48C5-ABC6-2A12ADD74D17}"
EndProject
Project("{2150E333-8FDC-42A3-9474-1A3956D46DE8}") = "Web", "Web", "{95AC2396-CB69-4D89-900E-60D1804C9693}"
EndProject
Project("{2150E333-8FDC-42A3-9474-1A3956D46DE8}") = "Identity", "Identity", "{62B86336-CF01-4A63-A303-3D6A0DBD7C17}"
EndProject
Project("{FAE04EC0-301F-11D3-BF4B-00C04F79EFBC}") = "NSE.Identity.API", "src\services\NSE.Identity.API\NSE.Identity.API.csproj", "{3AD8C3EC-100A-4A0E-ACB9-6C3B11374E2B}"
EndProject
Project("{2150E333-8FDC-42A3-9474-1A3956D46DE8}") = "MVC", "MVC", "{15473F73-C8EE-4F39-8F87-4F556587E5B7}"
EndProject
Project("{FAE04EC0-301F-11D3-BF4B-00C04F79EFBC}") = "NSE.WebApp.MVC", "src\web\NSE.WebApp.MVC\NSE.WebApp.MVC.csproj", "{D088F82A-1096-4F89-8F9A-FDD963A8F658}"
EndProject
Project("{2150E333-8FDC-42A3-9474-1A3956D46DE8}") = "Core", "Core", "{AB2BA962-012C-42DB-A0C5-2697C03FACDE}"
EndProject
Project("{FAE04EC0-301F-11D3-BF4B-00C04F79EFBC}") = "NSE.Core", "src\building blocks\NSE.Core\NSE.Core.csproj", "{F04E41C4-CEC4-415D-9EDB-54A4D98B7051}"
EndProject
Project("{2150E333-8FDC-42A3-9474-1A3956D46DE8}") = "Catalog", "Catalog", "{44ABEF42-6C8E-448E-AE2A-B769AFFF4CD3}"
EndProject
Project("{2150E333-8FDC-42A3-9474-1A3956D46DE8}") = "Customer", "Customer", "{7DCF642D-51AC-4720-8B4A-4597CFBDB587}"
EndProject
Project("{2150E333-8FDC-42A3-9474-1A3956D46DE8}") = "Payment", "Payment", "{BEA0225F-FC1D-4B10-BC86-1DAF29D0F16C}"
EndProject
Project("{2150E333-8FDC-42A3-9474-1A3956D46DE8}") = "Order", "Order", "{DABDA54A-0965-470A-B72C-D61DD1B54F65}"
EndProject
Project("{2150E333-8FDC-42A3-9474-1A3956D46DE8}") = "Cart", "Cart", "{73AFD2DF-D6C9-4B5C-A736-850FA34FE23B}"
EndProject
Project("{FAE04EC0-301F-11D3-BF4B-00C04F79EFBC}") = "NSE.Cart.API", "src\services\NSE.Cart.API\NSE.Cart.API.csproj", "{90F302A8-A22D-4518-BB1A-AB8EDB2A3852}"
EndProject
Project("{FAE04EC0-301F-11D3-BF4B-00C04F79EFBC}") = "NSE.Catalog.API", "src\services\NSE.Catalog.API\NSE.Catalog.API.csproj", "{0F343208-F29C-47D4-A478-931BC33737F2}"
EndProject
Project("{FAE04EC0-301F-11D3-BF4B-00C04F79EFBC}") = "NSE.Customer.API", "src\services\NSE.Customer.API\NSE.Customer.API.csproj", "{ABC3438F-61F5-4494-863F-331CCB6A8B29}"
EndProject
Project("{FAE04EC0-301F-11D3-BF4B-00C04F79EFBC}") = "NSE.Order.API", "src\services\NSE.Order.API\NSE.Order.API.csproj", "{BC7B025B-6261-4AD3-B01F-CE20894D0754}"
EndProject
Project("{FAE04EC0-301F-11D3-BF4B-00C04F79EFBC}") = "NSE.Payment.API", "src\services\NSE.Payment.API\NSE.Payment.API.csproj", "{3C634094-8C89-427A-8011-B87046E39D2C}"
EndProject
Global
	GlobalSection(SolutionConfigurationPlatforms) = preSolution
		Debug|Any CPU = Debug|Any CPU
		Release|Any CPU = Release|Any CPU
	EndGlobalSection
	GlobalSection(ProjectConfigurationPlatforms) = postSolution
		{3AD8C3EC-100A-4A0E-ACB9-6C3B11374E2B}.Debug|Any CPU.ActiveCfg = Debug|Any CPU
		{3AD8C3EC-100A-4A0E-ACB9-6C3B11374E2B}.Debug|Any CPU.Build.0 = Debug|Any CPU
		{3AD8C3EC-100A-4A0E-ACB9-6C3B11374E2B}.Release|Any CPU.ActiveCfg = Release|Any CPU
		{3AD8C3EC-100A-4A0E-ACB9-6C3B11374E2B}.Release|Any CPU.Build.0 = Release|Any CPU
		{D088F82A-1096-4F89-8F9A-FDD963A8F658}.Debug|Any CPU.ActiveCfg = Debug|Any CPU
		{D088F82A-1096-4F89-8F9A-FDD963A8F658}.Debug|Any CPU.Build.0 = Debug|Any CPU
		{D088F82A-1096-4F89-8F9A-FDD963A8F658}.Release|Any CPU.ActiveCfg = Release|Any CPU
		{D088F82A-1096-4F89-8F9A-FDD963A8F658}.Release|Any CPU.Build.0 = Release|Any CPU
		{F04E41C4-CEC4-415D-9EDB-54A4D98B7051}.Debug|Any CPU.ActiveCfg = Debug|Any CPU
		{F04E41C4-CEC4-415D-9EDB-54A4D98B7051}.Debug|Any CPU.Build.0 = Debug|Any CPU
		{F04E41C4-CEC4-415D-9EDB-54A4D98B7051}.Release|Any CPU.ActiveCfg = Release|Any CPU
		{F04E41C4-CEC4-415D-9EDB-54A4D98B7051}.Release|Any CPU.Build.0 = Release|Any CPU
		{90F302A8-A22D-4518-BB1A-AB8EDB2A3852}.Debug|Any CPU.ActiveCfg = Debug|Any CPU
		{90F302A8-A22D-4518-BB1A-AB8EDB2A3852}.Debug|Any CPU.Build.0 = Debug|Any CPU
		{90F302A8-A22D-4518-BB1A-AB8EDB2A3852}.Release|Any CPU.ActiveCfg = Release|Any CPU
		{90F302A8-A22D-4518-BB1A-AB8EDB2A3852}.Release|Any CPU.Build.0 = Release|Any CPU
		{0F343208-F29C-47D4-A478-931BC33737F2}.Debug|Any CPU.ActiveCfg = Debug|Any CPU
		{0F343208-F29C-47D4-A478-931BC33737F2}.Debug|Any CPU.Build.0 = Debug|Any CPU
		{0F343208-F29C-47D4-A478-931BC33737F2}.Release|Any CPU.ActiveCfg = Release|Any CPU
		{0F343208-F29C-47D4-A478-931BC33737F2}.Release|Any CPU.Build.0 = Release|Any CPU
		{ABC3438F-61F5-4494-863F-331CCB6A8B29}.Debug|Any CPU.ActiveCfg = Debug|Any CPU
		{ABC3438F-61F5-4494-863F-331CCB6A8B29}.Debug|Any CPU.Build.0 = Debug|Any CPU
		{ABC3438F-61F5-4494-863F-331CCB6A8B29}.Release|Any CPU.ActiveCfg = Release|Any CPU
		{ABC3438F-61F5-4494-863F-331CCB6A8B29}.Release|Any CPU.Build.0 = Release|Any CPU
		{BC7B025B-6261-4AD3-B01F-CE20894D0754}.Debug|Any CPU.ActiveCfg = Debug|Any CPU
		{BC7B025B-6261-4AD3-B01F-CE20894D0754}.Debug|Any CPU.Build.0 = Debug|Any CPU
		{BC7B025B-6261-4AD3-B01F-CE20894D0754}.Release|Any CPU.ActiveCfg = Release|Any CPU
		{BC7B025B-6261-4AD3-B01F-CE20894D0754}.Release|Any CPU.Build.0 = Release|Any CPU
		{3C634094-8C89-427A-8011-B87046E39D2C}.Debug|Any CPU.ActiveCfg = Debug|Any CPU
		{3C634094-8C89-427A-8011-B87046E39D2C}.Debug|Any CPU.Build.0 = Debug|Any CPU
		{3C634094-8C89-427A-8011-B87046E39D2C}.Release|Any CPU.ActiveCfg = Release|Any CPU
		{3C634094-8C89-427A-8011-B87046E39D2C}.Release|Any CPU.Build.0 = Release|Any CPU
	EndGlobalSection
	GlobalSection(SolutionProperties) = preSolution
		HideSolutionNode = FALSE
	EndGlobalSection
	GlobalSection(NestedProjects) = preSolution
		{C60E2BA6-8B5D-430C-9CBE-862FFC2D0B0B} = {02EA681E-C7D8-13C7-8484-4AC65E1B71E8}
		{C72F62A4-279E-48C5-ABC6-2A12ADD74D17} = {02EA681E-C7D8-13C7-8484-4AC65E1B71E8}
		{95AC2396-CB69-4D89-900E-60D1804C9693} = {02EA681E-C7D8-13C7-8484-4AC65E1B71E8}
		{62B86336-CF01-4A63-A303-3D6A0DBD7C17} = {C72F62A4-279E-48C5-ABC6-2A12ADD74D17}
		{3AD8C3EC-100A-4A0E-ACB9-6C3B11374E2B} = {62B86336-CF01-4A63-A303-3D6A0DBD7C17}
		{15473F73-C8EE-4F39-8F87-4F556587E5B7} = {95AC2396-CB69-4D89-900E-60D1804C9693}
		{D088F82A-1096-4F89-8F9A-FDD963A8F658} = {15473F73-C8EE-4F39-8F87-4F556587E5B7}
		{AB2BA962-012C-42DB-A0C5-2697C03FACDE} = {C60E2BA6-8B5D-430C-9CBE-862FFC2D0B0B}
		{F04E41C4-CEC4-415D-9EDB-54A4D98B7051} = {AB2BA962-012C-42DB-A0C5-2697C03FACDE}
		{44ABEF42-6C8E-448E-AE2A-B769AFFF4CD3} = {C72F62A4-279E-48C5-ABC6-2A12ADD74D17}
		{7DCF642D-51AC-4720-8B4A-4597CFBDB587} = {C72F62A4-279E-48C5-ABC6-2A12ADD74D17}
		{BEA0225F-FC1D-4B10-BC86-1DAF29D0F16C} = {C72F62A4-279E-48C5-ABC6-2A12ADD74D17}
		{DABDA54A-0965-470A-B72C-D61DD1B54F65} = {C72F62A4-279E-48C5-ABC6-2A12ADD74D17}
		{73AFD2DF-D6C9-4B5C-A736-850FA34FE23B} = {C72F62A4-279E-48C5-ABC6-2A12ADD74D17}
		{90F302A8-A22D-4518-BB1A-AB8EDB2A3852} = {73AFD2DF-D6C9-4B5C-A736-850FA34FE23B}
		{0F343208-F29C-47D4-A478-931BC33737F2} = {44ABEF42-6C8E-448E-AE2A-B769AFFF4CD3}
		{ABC3438F-61F5-4494-863F-331CCB6A8B29} = {7DCF642D-51AC-4720-8B4A-4597CFBDB587}
		{BC7B025B-6261-4AD3-B01F-CE20894D0754} = {DABDA54A-0965-470A-B72C-D61DD1B54F65}
		{3C634094-8C89-427A-8011-B87046E39D2C} = {BEA0225F-FC1D-4B10-BC86-1DAF29D0F16C}
	EndGlobalSection
	GlobalSection(ExtensibilityGlobals) = postSolution
		SolutionGuid = {FCF5D61C-6A86-44E3-9357-0F33A1F3617F}
	EndGlobalSection
EndGlobal
